{
  "name": "server",
  "version": "1.0.0",
  "lockfileVersion": 3,
  "requires": true,
  "packages": {
    "": {
      "name": "server",
      "version": "1.0.0",
      "license": "ISC",
      "dependencies": {
        "uwebsockets.js": "^19.0.0-docs",
        "ws": "^8.18.2"
      }
    },
    "node_modules/uwebsockets.js": {
      "version": "19.0.0-docs",
      "resolved": "https://registry.npmjs.org/uwebsockets.js/-/uwebsockets.js-19.0.0-docs.tgz",
      "integrity": "sha512-XIi5sJY74rlb+bpp9tq9m8OcSsLWcqK5T+LTZVJT97BANwZ86PGxusTx0A+xCl0WqgwcB3goy6bZi4JF5MmLnw==",
      "deprecated": "Package no longer supported. Contact Support at https://www.npmjs.com/support for more info.",
      "dependencies": {
        "uws.js": "git+https://github.com/uNetworking/uWebSockets.js.git#v19.0.0"
      }
    },
    "node_modules/uws.js": {
      "name": "uWebSockets.js",
      "version": "19.0.0",
      "resolved": "git+ssh://git@github.com/uNetworking/uWebSockets.js.git#301930dae3392b5094a9c0946e178833deb8dc73"
    },
    "node_modules/ws": {
      "version": "8.18.2",
      "resolved": "https://registry.npmjs.org/ws/-/ws-8.18.2.tgz",
      "integrity": "sha512-DMricUmwGZUVr++AEAe2uiVM7UoO9MAVZMDu05UQOaUII0lp+zOzLLU4Xqh/JvTqklB1T4uELaaPBKyjE1r4fQ==",
      "engines": {
        "node": ">=10.0.0"
      },
      "peerDependencies": {
        "bufferutil": "^4.0.1",
        "utf-8-validate": ">=5.0.2"
      },
      "peerDependenciesMeta": {
        "bufferutil": {
          "optional": true
        },
        "utf-8-validate": {
          "optional": true
        }
      }
    }
  }
}
